{
  "name": "cm-chessboard",
  "version": "4.1.7",
  "lockfileVersion": 2,
  "requires": true,
  "packages": {
    "": {
      "name": "cm-chessboard",
      "version": "4.1.7",
      "license": "MIT",
      "devDependencies": {
        "teevi": "^2.1.9",
        "typescript": "^4.7.4"
      }
    },
    "node_modules/teevi": {
      "version": "2.1.9",
      "resolved": "https://registry.npmjs.org/teevi/-/teevi-2.1.9.tgz",
      "integrity": "sha512-C1MiYe51O9DCOY1pbW6XKiaYpKDMEAUkAJMB7i3y0UWA2Kq+xC4MlfV6YSkK7mWHER3ceNjbRq1w541KphpdtA==",
      "dev": true
    },
    "node_modules/typescript": {
      "version": "4.7.4",
      "resolved": "https://registry.npmjs.org/typescript/-/typescript-4.7.4.tgz",
      "integrity": "sha512-C0WQT0gezHuw6AdY1M2jxUO83Rjf0HP7Sk1DtXj6j1EwkQNZrHAg2XPWlq62oqEhYvONq5pkC2Y9oPljWToLmQ==",
      "dev": true,
      "bin": {
        "tsc": "bin/tsc",
        "tsserver": "bin/tsserver"
      },
      "engines": {
        "node": ">=4.2.0"
      }
    }
  },
  "dependencies": {
    "teevi": {
      "version": "2.1.9",
      "resolved": "https://registry.npmjs.org/teevi/-/teevi-2.1.9.tgz",
      "integrity": "sha512-C1MiYe51O9DCOY1pbW6XKiaYpKDMEAUkAJMB7i3y0UWA2Kq+xC4MlfV6YSkK7mWHER3ceNjbRq1w541KphpdtA==",
      "dev": true
    },
    "typescript": {
      "version": "4.7.4",
      "resolved": "https://registry.npmjs.org/typescript/-/typescript-4.7.4.tgz",
      "integrity": "sha512-C0WQT0gezHuw6AdY1M2jxUO83Rjf0HP7Sk1DtXj6j1EwkQNZrHAg2XPWlq62oqEhYvONq5pkC2Y9oPljWToLmQ==",
      "dev": true
    }
  }
}
